
Microsoft Visual Studio Solution File, Format Version 12.00
# Visual Studio Version 17
VisualStudioVersion = 17.11.35312.102
MinimumVisualStudioVersion = 10.0.40219.1
Project("{9A19103F-16F7-4668-BE54-9A1E7A4F7556}") = "TeamProjectManager.API", "TeamProjectManager.API\TeamProjectManager.API.csproj", "{3C49EDC9-C37A-4CD7-AEF1-433950704473}"
EndProject
Project("{FAE04EC0-301F-11D3-BF4B-00C04F79EFBC}") = "AuthService", "AuthService\AuthService.csproj", "{AC71B385-688C-4C48-9F18-7A9389DBDFB2}"
EndProject
Global
	GlobalSection(SolutionConfigurationPlatforms) = preSolution
		Debug|Any CPU = Debug|Any CPU
		Release|Any CPU = Release|Any CPU
	EndGlobalSection
	GlobalSection(ProjectConfigurationPlatforms) = postSolution
		{3C49EDC9-C37A-4CD7-AEF1-433950704473}.Debug|Any CPU.ActiveCfg = Debug|Any CPU
		{3C49EDC9-C37A-4CD7-AEF1-433950704473}.Debug|Any CPU.Build.0 = Debug|Any CPU
		{3C49EDC9-C37A-4CD7-AEF1-433950704473}.Release|Any CPU.ActiveCfg = Release|Any CPU
		{3C49EDC9-C37A-4CD7-AEF1-433950704473}.Release|Any CPU.Build.0 = Release|Any CPU
		{AC71B385-688C-4C48-9F18-7A9389DBDFB2}.Debug|Any CPU.ActiveCfg = Debug|Any CPU
		{AC71B385-688C-4C48-9F18-7A9389DBDFB2}.Debug|Any CPU.Build.0 = Debug|Any CPU
		{AC71B385-688C-4C48-9F18-7A9389DBDFB2}.Release|Any CPU.ActiveCfg = Release|Any CPU
		{AC71B385-688C-4C48-9F18-7A9389DBDFB2}.Release|Any CPU.Build.0 = Release|Any CPU
	EndGlobalSection
	GlobalSection(SolutionProperties) = preSolution
		HideSolutionNode = FALSE
	EndGlobalSection
	GlobalSection(ExtensibilityGlobals) = postSolution
		SolutionGuid = {4A7D18E8-F858-42C8-A9A1-99D3F542A46B}
	EndGlobalSection
EndGlobal
